
Microsoft Visual Studio Solution File, Format Version 12.00
# Visual Studio Version 16
VisualStudioVersion = 16.0.30523.141
MinimumVisualStudioVersion = 10.0.40219.1
Project("{FAE04EC0-301F-11D3-BF4B-00C04F79EFBC}") = "extend", "extend\extend.csproj", "{005222FC-01C8-4EB5-94B3-EC9CD1701A2F}"
EndProject
Global
	GlobalSection(SolutionConfigurationPlatforms) = preSolution
		Debug|Any CPU = Debug|Any CPU
		Release|Any CPU = Release|Any CPU
	EndGlobalSection
	GlobalSection(ProjectConfigurationPlatforms) = postSolution
		{005222FC-01C8-4EB5-94B3-EC9CD1701A2F}.Debug|Any CPU.ActiveCfg = Debug|Any CPU
		{005222FC-01C8-4EB5-94B3-EC9CD1701A2F}.Debug|Any CPU.Build.0 = Debug|Any CPU
		{005222FC-01C8-4EB5-94B3-EC9CD1701A2F}.Release|Any CPU.ActiveCfg = Release|Any CPU
		{005222FC-01C8-4EB5-94B3-EC9CD1701A2F}.Release|Any CPU.Build.0 = Release|Any CPU
	EndGlobalSection
	GlobalSection(SolutionProperties) = preSolution
		HideSolutionNode = FALSE
	EndGlobalSection
	GlobalSection(ExtensibilityGlobals) = postSolution
		SolutionGuid = {88AD4D47-F8AB-4264-81DE-FF64C025AD4A}
	EndGlobalSection
EndGlobal
